// !$*UTF8*$!
{
	archiveVersion = 1;
	classes = {
	};
	objectVersion = 55;
	objects = {

/* Begin PBXBuildFile section */
		22143456285CFEBD00F1CBA0 /* SettingsStoryboard.storyboard in Resources */ = {isa = PBXBuildFile; fileRef = 22143455285CFEBD00F1CBA0 /* SettingsStoryboard.storyboard */; };
		22143458285CFED800F1CBA0 /* SettingsViewController.swift in Sources */ = {isa = PBXBuildFile; fileRef = 22143457285CFED800F1CBA0 /* SettingsViewController.swift */; };
		2214345E285D093600F1CBA0 /* AnnotationInMap.swift in Sources */ = {isa = PBXBuildFile; fileRef = 2214345D285D093600F1CBA0 /* AnnotationInMap.swift */; };
		223A2F1C284FFAA900034143 /* EarthquakesStoryboard.storyboard in Resources */ = {isa = PBXBuildFile; fileRef = 223A2F1B284FFAA900034143 /* EarthquakesStoryboard.storyboard */; };
		223A2F1E2856512E00034143 /* EarthquakeViewController.swift in Sources */ = {isa = PBXBuildFile; fileRef = 223A2F1D2856512E00034143 /* EarthquakeViewController.swift */; };
		223A2F222857EF4000034143 /* TabBarController.swift in Sources */ = {isa = PBXBuildFile; fileRef = 223A2F212857EF4000034143 /* TabBarController.swift */; };
		227D906A286B226600A0DED5 /* EarthquakeDetail.swift in Sources */ = {isa = PBXBuildFile; fileRef = 227D9069286B226600A0DED5 /* EarthquakeDetail.swift */; };
		227D906D286B325900A0DED5 /* Response.swift in Sources */ = {isa = PBXBuildFile; fileRef = 227D906C286B325900A0DED5 /* Response.swift */; };
		227D906F286B329200A0DED5 /* Feature.swift in Sources */ = {isa = PBXBuildFile; fileRef = 227D906E286B329200A0DED5 /* Feature.swift */; };
		227D9071286B32CB00A0DED5 /* Property.swift in Sources */ = {isa = PBXBuildFile; fileRef = 227D9070286B32CB00A0DED5 /* Property.swift */; };
		227D9073286B32F700A0DED5 /* Geometry.swift in Sources */ = {isa = PBXBuildFile; fileRef = 227D9072286B32F700A0DED5 /* Geometry.swift */; };
		227D9075286E27C600A0DED5 /* EarthquakesApiDataSource.swift in Sources */ = {isa = PBXBuildFile; fileRef = 227D9074286E27C600A0DED5 /* EarthquakesApiDataSource.swift */; };
		227D90812870ADE900A0DED5 /* LocationSearch.swift in Sources */ = {isa = PBXBuildFile; fileRef = 227D90802870ADE900A0DED5 /* LocationSearch.swift */; };
		227D90842875EA0900A0DED5 /* SettingsOption.swift in Sources */ = {isa = PBXBuildFile; fileRef = 227D90832875EA0900A0DED5 /* SettingsOption.swift */; };
		227D90862875F98D00A0DED5 /* SettingTableViewCell.swift in Sources */ = {isa = PBXBuildFile; fileRef = 227D90852875F98D00A0DED5 /* SettingTableViewCell.swift */; };
		227D9088287DC1B800A0DED5 /* MyDateFormatter.swift in Sources */ = {isa = PBXBuildFile; fileRef = 227D9087287DC1B800A0DED5 /* MyDateFormatter.swift */; };
		227D909C287ED13100A0DED5 /* SettingsSection.swift in Sources */ = {isa = PBXBuildFile; fileRef = 227D909B287ED13100A0DED5 /* SettingsSection.swift */; };
		227D909E287EE7C500A0DED5 /* LocationSearchTable.swift in Sources */ = {isa = PBXBuildFile; fileRef = 227D909D287EE7C500A0DED5 /* LocationSearchTable.swift */; };
		228D1FFE28985026006B6BE8 /* EarthquakesViewModel.swift in Sources */ = {isa = PBXBuildFile; fileRef = 228D1FFD28985026006B6BE8 /* EarthquakesViewModel.swift */; };
		228D200028985048006B6BE8 /* GetEarthquakesUseCase.swift in Sources */ = {isa = PBXBuildFile; fileRef = 228D1FFF28985048006B6BE8 /* GetEarthquakesUseCase.swift */; };
		228D2002289852A6006B6BE8 /* GetTimeRangeUseCase.swift in Sources */ = {isa = PBXBuildFile; fileRef = 228D2001289852A6006B6BE8 /* GetTimeRangeUseCase.swift */; };
		22990A10284BD40500C1104D /* AppDelegate.swift in Sources */ = {isa = PBXBuildFile; fileRef = 22990A0F284BD40500C1104D /* AppDelegate.swift */; };
		22990A12284BD40500C1104D /* SceneDelegate.swift in Sources */ = {isa = PBXBuildFile; fileRef = 22990A11284BD40500C1104D /* SceneDelegate.swift */; };
		22990A14284BD40500C1104D /* ViewController.swift in Sources */ = {isa = PBXBuildFile; fileRef = 22990A13284BD40500C1104D /* ViewController.swift */; };
		22990A17284BD40500C1104D /* Main.storyboard in Resources */ = {isa = PBXBuildFile; fileRef = 22990A15284BD40500C1104D /* Main.storyboard */; };
		22990A19284BD40900C1104D /* Assets.xcassets in Resources */ = {isa = PBXBuildFile; fileRef = 22990A18284BD40900C1104D /* Assets.xcassets */; };
		22990A1C284BD40900C1104D /* LaunchScreen.storyboard in Resources */ = {isa = PBXBuildFile; fileRef = 22990A1A284BD40900C1104D /* LaunchScreen.storyboard */; };
		22990A27284BD40A00C1104D /* QuakeTests.swift in Sources */ = {isa = PBXBuildFile; fileRef = 22990A26284BD40A00C1104D /* QuakeTests.swift */; };
		22990A31284BD40A00C1104D /* QuakeUITests.swift in Sources */ = {isa = PBXBuildFile; fileRef = 22990A30284BD40A00C1104D /* QuakeUITests.swift */; };
		22990A33284BD40A00C1104D /* QuakeUITestsLaunchTests.swift in Sources */ = {isa = PBXBuildFile; fileRef = 22990A32284BD40A00C1104D /* QuakeUITestsLaunchTests.swift */; };
		22F68496289B335B00412B34 /* GetMagnitudeColorUseCase.swift in Sources */ = {isa = PBXBuildFile; fileRef = 22F68495289B335B00412B34 /* GetMagnitudeColorUseCase.swift */; };
		22F68499289BECD800412B34 /* EarthquakeDetailViewModel.swift in Sources */ = {isa = PBXBuildFile; fileRef = 22F68498289BECD800412B34 /* EarthquakeDetailViewModel.swift */; };
		B615E85A2858EBA800B77A5F /* MapViewController.swift in Sources */ = {isa = PBXBuildFile; fileRef = B615E8582858EBA800B77A5F /* MapViewController.swift */; };
		B615E85D2858EBE900B77A5F /* MapStoryboard.storyboard in Resources */ = {isa = PBXBuildFile; fileRef = B615E85C2858EBE900B77A5F /* MapStoryboard.storyboard */; };
		B615E8632858F16600B77A5F /* EarthquakeDetailStoryboard.storyboard in Resources */ = {isa = PBXBuildFile; fileRef = B615E8622858F16600B77A5F /* EarthquakeDetailStoryboard.storyboard */; };
		B615E8662858F18100B77A5F /* EarthquakeDetailViewController.swift in Sources */ = {isa = PBXBuildFile; fileRef = B615E8652858F18100B77A5F /* EarthquakeDetailViewController.swift */; };
		B615E86A2858F5EF00B77A5F /* EarthquakeEventCell.swift in Sources */ = {isa = PBXBuildFile; fileRef = B615E8682858F5EF00B77A5F /* EarthquakeEventCell.swift */; };
		B615E86B2858F5EF00B77A5F /* EarthquakeEventCell.xib in Resources */ = {isa = PBXBuildFile; fileRef = B615E8692858F5EF00B77A5F /* EarthquakeEventCell.xib */; };
/* End PBXBuildFile section */

/* Begin PBXContainerItemProxy section */
		22990A23284BD40A00C1104D /* PBXContainerItemProxy */ = {
			isa = PBXContainerItemProxy;
			containerPortal = 22990A04284BD40500C1104D /* Project object */;
			proxyType = 1;
			remoteGlobalIDString = 22990A0B284BD40500C1104D;
			remoteInfo = Quake;
		};
		22990A2D284BD40A00C1104D /* PBXContainerItemProxy */ = {
			isa = PBXContainerItemProxy;
			containerPortal = 22990A04284BD40500C1104D /* Project object */;
			proxyType = 1;
			remoteGlobalIDString = 22990A0B284BD40500C1104D;
			remoteInfo = Quake;
		};
/* End PBXContainerItemProxy section */

/* Begin PBXFileReference section */
		22143455285CFEBD00F1CBA0 /* SettingsStoryboard.storyboard */ = {isa = PBXFileReference; lastKnownFileType = file.storyboard; path = SettingsStoryboard.storyboard; sourceTree = "<group>"; };
		22143457285CFED800F1CBA0 /* SettingsViewController.swift */ = {isa = PBXFileReference; lastKnownFileType = sourcecode.swift; path = SettingsViewController.swift; sourceTree = "<group>"; };
		2214345D285D093600F1CBA0 /* AnnotationInMap.swift */ = {isa = PBXFileReference; lastKnownFileType = sourcecode.swift; path = AnnotationInMap.swift; sourceTree = "<group>"; };
		223A2F1B284FFAA900034143 /* EarthquakesStoryboard.storyboard */ = {isa = PBXFileReference; lastKnownFileType = file.storyboard; path = EarthquakesStoryboard.storyboard; sourceTree = "<group>"; };
		223A2F1D2856512E00034143 /* EarthquakeViewController.swift */ = {isa = PBXFileReference; lastKnownFileType = sourcecode.swift; path = EarthquakeViewController.swift; sourceTree = "<group>"; };
		223A2F212857EF4000034143 /* TabBarController.swift */ = {isa = PBXFileReference; lastKnownFileType = sourcecode.swift; path = TabBarController.swift; sourceTree = "<group>"; };
		227D9069286B226600A0DED5 /* EarthquakeDetail.swift */ = {isa = PBXFileReference; lastKnownFileType = sourcecode.swift; path = EarthquakeDetail.swift; sourceTree = "<group>"; };
		227D906C286B325900A0DED5 /* Response.swift */ = {isa = PBXFileReference; lastKnownFileType = sourcecode.swift; path = Response.swift; sourceTree = "<group>"; };
		227D906E286B329200A0DED5 /* Feature.swift */ = {isa = PBXFileReference; lastKnownFileType = sourcecode.swift; path = Feature.swift; sourceTree = "<group>"; };
		227D9070286B32CB00A0DED5 /* Property.swift */ = {isa = PBXFileReference; lastKnownFileType = sourcecode.swift; path = Property.swift; sourceTree = "<group>"; };
		227D9072286B32F700A0DED5 /* Geometry.swift */ = {isa = PBXFileReference; lastKnownFileType = sourcecode.swift; path = Geometry.swift; sourceTree = "<group>"; };
		227D9074286E27C600A0DED5 /* EarthquakesApiDataSource.swift */ = {isa = PBXFileReference; lastKnownFileType = sourcecode.swift; path = EarthquakesApiDataSource.swift; sourceTree = "<group>"; };
		227D90802870ADE900A0DED5 /* LocationSearch.swift */ = {isa = PBXFileReference; lastKnownFileType = sourcecode.swift; path = LocationSearch.swift; sourceTree = "<group>"; };
		227D90832875EA0900A0DED5 /* SettingsOption.swift */ = {isa = PBXFileReference; lastKnownFileType = sourcecode.swift; path = SettingsOption.swift; sourceTree = "<group>"; };
		227D90852875F98D00A0DED5 /* SettingTableViewCell.swift */ = {isa = PBXFileReference; lastKnownFileType = sourcecode.swift; path = SettingTableViewCell.swift; sourceTree = "<group>"; };
		227D9087287DC1B800A0DED5 /* MyDateFormatter.swift */ = {isa = PBXFileReference; lastKnownFileType = sourcecode.swift; path = MyDateFormatter.swift; sourceTree = "<group>"; };
		227D909B287ED13100A0DED5 /* SettingsSection.swift */ = {isa = PBXFileReference; lastKnownFileType = sourcecode.swift; path = SettingsSection.swift; sourceTree = "<group>"; };
		227D909D287EE7C500A0DED5 /* LocationSearchTable.swift */ = {isa = PBXFileReference; lastKnownFileType = sourcecode.swift; path = LocationSearchTable.swift; sourceTree = "<group>"; };
		228D1FFD28985026006B6BE8 /* EarthquakesViewModel.swift */ = {isa = PBXFileReference; lastKnownFileType = sourcecode.swift; path = EarthquakesViewModel.swift; sourceTree = "<group>"; };
		228D1FFF28985048006B6BE8 /* GetEarthquakesUseCase.swift */ = {isa = PBXFileReference; lastKnownFileType = sourcecode.swift; path = GetEarthquakesUseCase.swift; sourceTree = "<group>"; };
		228D2001289852A6006B6BE8 /* GetTimeRangeUseCase.swift */ = {isa = PBXFileReference; lastKnownFileType = sourcecode.swift; path = GetTimeRangeUseCase.swift; sourceTree = "<group>"; };
		22990A0C284BD40500C1104D /* Quake.app */ = {isa = PBXFileReference; explicitFileType = wrapper.application; includeInIndex = 0; path = Quake.app; sourceTree = BUILT_PRODUCTS_DIR; };
		22990A0F284BD40500C1104D /* AppDelegate.swift */ = {isa = PBXFileReference; lastKnownFileType = sourcecode.swift; path = AppDelegate.swift; sourceTree = "<group>"; };
		22990A11284BD40500C1104D /* SceneDelegate.swift */ = {isa = PBXFileReference; lastKnownFileType = sourcecode.swift; path = SceneDelegate.swift; sourceTree = "<group>"; };
		22990A13284BD40500C1104D /* ViewController.swift */ = {isa = PBXFileReference; lastKnownFileType = sourcecode.swift; path = ViewController.swift; sourceTree = "<group>"; };
		22990A16284BD40500C1104D /* Base */ = {isa = PBXFileReference; lastKnownFileType = file.storyboard; name = Base; path = Base.lproj/Main.storyboard; sourceTree = "<group>"; };
		22990A18284BD40900C1104D /* Assets.xcassets */ = {isa = PBXFileReference; lastKnownFileType = folder.assetcatalog; path = Assets.xcassets; sourceTree = "<group>"; };
		22990A1B284BD40900C1104D /* Base */ = {isa = PBXFileReference; lastKnownFileType = file.storyboard; name = Base; path = Base.lproj/LaunchScreen.storyboard; sourceTree = "<group>"; };
		22990A1D284BD40900C1104D /* Info.plist */ = {isa = PBXFileReference; lastKnownFileType = text.plist.xml; path = Info.plist; sourceTree = "<group>"; };
		22990A22284BD40A00C1104D /* QuakeTests.xctest */ = {isa = PBXFileReference; explicitFileType = wrapper.cfbundle; includeInIndex = 0; path = QuakeTests.xctest; sourceTree = BUILT_PRODUCTS_DIR; };
		22990A26284BD40A00C1104D /* QuakeTests.swift */ = {isa = PBXFileReference; lastKnownFileType = sourcecode.swift; path = QuakeTests.swift; sourceTree = "<group>"; };
		22990A2C284BD40A00C1104D /* QuakeUITests.xctest */ = {isa = PBXFileReference; explicitFileType = wrapper.cfbundle; includeInIndex = 0; path = QuakeUITests.xctest; sourceTree = BUILT_PRODUCTS_DIR; };
		22990A30284BD40A00C1104D /* QuakeUITests.swift */ = {isa = PBXFileReference; lastKnownFileType = sourcecode.swift; path = QuakeUITests.swift; sourceTree = "<group>"; };
		22990A32284BD40A00C1104D /* QuakeUITestsLaunchTests.swift */ = {isa = PBXFileReference; lastKnownFileType = sourcecode.swift; path = QuakeUITestsLaunchTests.swift; sourceTree = "<group>"; };
		22F68495289B335B00412B34 /* GetMagnitudeColorUseCase.swift */ = {isa = PBXFileReference; lastKnownFileType = sourcecode.swift; path = GetMagnitudeColorUseCase.swift; sourceTree = "<group>"; };
		22F68498289BECD800412B34 /* EarthquakeDetailViewModel.swift */ = {isa = PBXFileReference; lastKnownFileType = sourcecode.swift; path = EarthquakeDetailViewModel.swift; sourceTree = "<group>"; };
		B615E8582858EBA800B77A5F /* MapViewController.swift */ = {isa = PBXFileReference; lastKnownFileType = sourcecode.swift; path = MapViewController.swift; sourceTree = "<group>"; };
		B615E85C2858EBE900B77A5F /* MapStoryboard.storyboard */ = {isa = PBXFileReference; lastKnownFileType = file.storyboard; path = MapStoryboard.storyboard; sourceTree = "<group>"; };
		B615E8622858F16600B77A5F /* EarthquakeDetailStoryboard.storyboard */ = {isa = PBXFileReference; lastKnownFileType = file.storyboard; path = EarthquakeDetailStoryboard.storyboard; sourceTree = "<group>"; };
		B615E8652858F18100B77A5F /* EarthquakeDetailViewController.swift */ = {isa = PBXFileReference; lastKnownFileType = sourcecode.swift; path = EarthquakeDetailViewController.swift; sourceTree = "<group>"; };
		B615E8682858F5EF00B77A5F /* EarthquakeEventCell.swift */ = {isa = PBXFileReference; lastKnownFileType = sourcecode.swift; path = EarthquakeEventCell.swift; sourceTree = "<group>"; };
		B615E8692858F5EF00B77A5F /* EarthquakeEventCell.xib */ = {isa = PBXFileReference; lastKnownFileType = file.xib; path = EarthquakeEventCell.xib; sourceTree = "<group>"; };
/* End PBXFileReference section */

/* Begin PBXFrameworksBuildPhase section */
		22990A09284BD40500C1104D /* Frameworks */ = {
			isa = PBXFrameworksBuildPhase;
			buildActionMask = 2147483647;
			files = (
			);
			runOnlyForDeploymentPostprocessing = 0;
		};
		22990A1F284BD40A00C1104D /* Frameworks */ = {
			isa = PBXFrameworksBuildPhase;
			buildActionMask = 2147483647;
			files = (
			);
			runOnlyForDeploymentPostprocessing = 0;
		};
		22990A29284BD40A00C1104D /* Frameworks */ = {
			isa = PBXFrameworksBuildPhase;
			buildActionMask = 2147483647;
			files = (
			);
			runOnlyForDeploymentPostprocessing = 0;
		};
/* End PBXFrameworksBuildPhase section */

/* Begin PBXGroup section */
		22143454285CFE9400F1CBA0 /* Settings */ = {
			isa = PBXGroup;
			children = (
				227D90822875E9DF00A0DED5 /* Model */,
				22143455285CFEBD00F1CBA0 /* SettingsStoryboard.storyboard */,
				22143457285CFED800F1CBA0 /* SettingsViewController.swift */,
				227D90852875F98D00A0DED5 /* SettingTableViewCell.swift */,
			);
			path = Settings;
			sourceTree = "<group>";
		};
		2214345A285D087000F1CBA0 /* Annotations */ = {
			isa = PBXGroup;
			children = (
				2214345D285D093600F1CBA0 /* AnnotationInMap.swift */,
			);
			path = Annotations;
			sourceTree = "<group>";
		};
		227D9068286B223F00A0DED5 /* Model */ = {
			isa = PBXGroup;
			children = (
				227D9069286B226600A0DED5 /* EarthquakeDetail.swift */,
			);
			path = Model;
			sourceTree = "<group>";
		};
		227D906B286B323300A0DED5 /* API */ = {
			isa = PBXGroup;
			children = (
				227D9076286E283000A0DED5 /* Models */,
				227D9074286E27C600A0DED5 /* EarthquakesApiDataSource.swift */,
			);
			path = API;
			sourceTree = "<group>";
		};
		227D9076286E283000A0DED5 /* Models */ = {
			isa = PBXGroup;
			children = (
				227D906C286B325900A0DED5 /* Response.swift */,
				227D906E286B329200A0DED5 /* Feature.swift */,
				227D9070286B32CB00A0DED5 /* Property.swift */,
				227D9072286B32F700A0DED5 /* Geometry.swift */,
			);
			path = Models;
			sourceTree = "<group>";
		};
		227D907B286F610100A0DED5 /* SearchBar */ = {
			isa = PBXGroup;
			children = (
				227D90802870ADE900A0DED5 /* LocationSearch.swift */,
				227D909D287EE7C500A0DED5 /* LocationSearchTable.swift */,
			);
			path = SearchBar;
			sourceTree = "<group>";
		};
		227D90822875E9DF00A0DED5 /* Model */ = {
			isa = PBXGroup;
			children = (
				227D90832875EA0900A0DED5 /* SettingsOption.swift */,
				227D909B287ED13100A0DED5 /* SettingsSection.swift */,
			);
			path = Model;
			sourceTree = "<group>";
		};
		228D1FFA28984FDD006B6BE8 /* View Model */ = {
			isa = PBXGroup;
			children = (
				228D1FFD28985026006B6BE8 /* EarthquakesViewModel.swift */,
			);
			path = "View Model";
			sourceTree = "<group>";
		};
		228D1FFC28984FF6006B6BE8 /* Repository */ = {
			isa = PBXGroup;
			children = (
			);
			path = Repository;
			sourceTree = "<group>";
		};
		228D200328985A2D006B6BE8 /* Common */ = {
			isa = PBXGroup;
			children = (
				227D906B286B323300A0DED5 /* API */,
				228D200428985A35006B6BE8 /* Use Cases */,
			);
			path = Common;
			sourceTree = "<group>";
		};
		228D200428985A35006B6BE8 /* Use Cases */ = {
			isa = PBXGroup;
			children = (
				228D1FFF28985048006B6BE8 /* GetEarthquakesUseCase.swift */,
				228D2001289852A6006B6BE8 /* GetTimeRangeUseCase.swift */,
				22F68495289B335B00412B34 /* GetMagnitudeColorUseCase.swift */,
			);
			path = "Use Cases";
			sourceTree = "<group>";
		};
		22990A03284BD40500C1104D = {
			isa = PBXGroup;
			children = (
				22990A0E284BD40500C1104D /* Quake */,
				22990A25284BD40A00C1104D /* QuakeTests */,
				22990A2F284BD40A00C1104D /* QuakeUITests */,
				22990A0D284BD40500C1104D /* Products */,
			);
			sourceTree = "<group>";
		};
		22990A0D284BD40500C1104D /* Products */ = {
			isa = PBXGroup;
			children = (
				22990A0C284BD40500C1104D /* Quake.app */,
				22990A22284BD40A00C1104D /* QuakeTests.xctest */,
				22990A2C284BD40A00C1104D /* QuakeUITests.xctest */,
			);
			name = Products;
			sourceTree = "<group>";
		};
		22990A0E284BD40500C1104D /* Quake */ = {
			isa = PBXGroup;
			children = (
				228D200328985A2D006B6BE8 /* Common */,
				22143454285CFE9400F1CBA0 /* Settings */,
				B615E8642858F16A00B77A5F /* EarthquakeDetail */,
				B615E8612858ED5C00B77A5F /* TabBar */,
				B615E8602858ED5100B77A5F /* Map */,
				B615E85F2858ED4600B77A5F /* Earthquakes */,
				22990A0F284BD40500C1104D /* AppDelegate.swift */,
				22990A11284BD40500C1104D /* SceneDelegate.swift */,
				22990A13284BD40500C1104D /* ViewController.swift */,
				227D9087287DC1B800A0DED5 /* MyDateFormatter.swift */,
				22990A1A284BD40900C1104D /* LaunchScreen.storyboard */,
				22990A18284BD40900C1104D /* Assets.xcassets */,
				22990A1D284BD40900C1104D /* Info.plist */,
			);
			path = Quake;
			sourceTree = "<group>";
		};
		22990A25284BD40A00C1104D /* QuakeTests */ = {
			isa = PBXGroup;
			children = (
				22990A26284BD40A00C1104D /* QuakeTests.swift */,
			);
			path = QuakeTests;
			sourceTree = "<group>";
		};
		22990A2F284BD40A00C1104D /* QuakeUITests */ = {
			isa = PBXGroup;
			children = (
				22990A30284BD40A00C1104D /* QuakeUITests.swift */,
				22990A32284BD40A00C1104D /* QuakeUITestsLaunchTests.swift */,
			);
			path = QuakeUITests;
			sourceTree = "<group>";
		};
		22F68497289BECBB00412B34 /* View Model */ = {
			isa = PBXGroup;
			children = (
				22F68498289BECD800412B34 /* EarthquakeDetailViewModel.swift */,
			);
			path = "View Model";
			sourceTree = "<group>";
		};
		B615E85F2858ED4600B77A5F /* Earthquakes */ = {
			isa = PBXGroup;
			children = (
				228D1FFC28984FF6006B6BE8 /* Repository */,
				228D1FFA28984FDD006B6BE8 /* View Model */,
				227D9068286B223F00A0DED5 /* Model */,
				B615E8672858F5C300B77A5F /* Cells */,
				223A2F1B284FFAA900034143 /* EarthquakesStoryboard.storyboard */,
				223A2F1D2856512E00034143 /* EarthquakeViewController.swift */,
			);
			path = Earthquakes;
			sourceTree = "<group>";
		};
		B615E8602858ED5100B77A5F /* Map */ = {
			isa = PBXGroup;
			children = (
				227D907B286F610100A0DED5 /* SearchBar */,
				2214345A285D087000F1CBA0 /* Annotations */,
				B615E8582858EBA800B77A5F /* MapViewController.swift */,
				B615E85C2858EBE900B77A5F /* MapStoryboard.storyboard */,
			);
			path = Map;
			sourceTree = "<group>";
		};
		B615E8612858ED5C00B77A5F /* TabBar */ = {
			isa = PBXGroup;
			children = (
				22990A15284BD40500C1104D /* Main.storyboard */,
				223A2F212857EF4000034143 /* TabBarController.swift */,
			);
			path = TabBar;
			sourceTree = "<group>";
		};
		B615E8642858F16A00B77A5F /* EarthquakeDetail */ = {
			isa = PBXGroup;
			children = (
				22F68497289BECBB00412B34 /* View Model */,
				B615E8622858F16600B77A5F /* EarthquakeDetailStoryboard.storyboard */,
				B615E8652858F18100B77A5F /* EarthquakeDetailViewController.swift */,
			);
			path = EarthquakeDetail;
			sourceTree = "<group>";
		};
		B615E8672858F5C300B77A5F /* Cells */ = {
			isa = PBXGroup;
			children = (
				B615E8682858F5EF00B77A5F /* EarthquakeEventCell.swift */,
				B615E8692858F5EF00B77A5F /* EarthquakeEventCell.xib */,
			);
			path = Cells;
			sourceTree = "<group>";
		};
/* End PBXGroup section */

/* Begin PBXNativeTarget section */
		22990A0B284BD40500C1104D /* Quake */ = {
			isa = PBXNativeTarget;
			buildConfigurationList = 22990A36284BD40A00C1104D /* Build configuration list for PBXNativeTarget "Quake" */;
			buildPhases = (
				22990A08284BD40500C1104D /* Sources */,
				22990A09284BD40500C1104D /* Frameworks */,
				22990A0A284BD40500C1104D /* Resources */,
			);
			buildRules = (
			);
			dependencies = (
			);
			name = Quake;
			productName = Quake;
			productReference = 22990A0C284BD40500C1104D /* Quake.app */;
			productType = "com.apple.product-type.application";
		};
		22990A21284BD40A00C1104D /* QuakeTests */ = {
			isa = PBXNativeTarget;
			buildConfigurationList = 22990A39284BD40A00C1104D /* Build configuration list for PBXNativeTarget "QuakeTests" */;
			buildPhases = (
				22990A1E284BD40A00C1104D /* Sources */,
				22990A1F284BD40A00C1104D /* Frameworks */,
				22990A20284BD40A00C1104D /* Resources */,
			);
			buildRules = (
			);
			dependencies = (
				22990A24284BD40A00C1104D /* PBXTargetDependency */,
			);
			name = QuakeTests;
			productName = QuakeTests;
			productReference = 22990A22284BD40A00C1104D /* QuakeTests.xctest */;
			productType = "com.apple.product-type.bundle.unit-test";
		};
		22990A2B284BD40A00C1104D /* QuakeUITests */ = {
			isa = PBXNativeTarget;
			buildConfigurationList = 22990A3C284BD40A00C1104D /* Build configuration list for PBXNativeTarget "QuakeUITests" */;
			buildPhases = (
				22990A28284BD40A00C1104D /* Sources */,
				22990A29284BD40A00C1104D /* Frameworks */,
				22990A2A284BD40A00C1104D /* Resources */,
			);
			buildRules = (
			);
			dependencies = (
				22990A2E284BD40A00C1104D /* PBXTargetDependency */,
			);
			name = QuakeUITests;
			productName = QuakeUITests;
			productReference = 22990A2C284BD40A00C1104D /* QuakeUITests.xctest */;
			productType = "com.apple.product-type.bundle.ui-testing";
		};
/* End PBXNativeTarget section */

/* Begin PBXProject section */
		22990A04284BD40500C1104D /* Project object */ = {
			isa = PBXProject;
			attributes = {
				BuildIndependentTargetsInParallel = 1;
				LastSwiftUpdateCheck = 1340;
				LastUpgradeCheck = 1340;
				TargetAttributes = {
					22990A0B284BD40500C1104D = {
						CreatedOnToolsVersion = 13.4;
					};
					22990A21284BD40A00C1104D = {
						CreatedOnToolsVersion = 13.4;
						TestTargetID = 22990A0B284BD40500C1104D;
					};
					22990A2B284BD40A00C1104D = {
						CreatedOnToolsVersion = 13.4;
						TestTargetID = 22990A0B284BD40500C1104D;
					};
				};
			};
			buildConfigurationList = 22990A07284BD40500C1104D /* Build configuration list for PBXProject "Quake" */;
			compatibilityVersion = "Xcode 13.0";
			developmentRegion = en;
			hasScannedForEncodings = 0;
			knownRegions = (
				en,
				Base,
			);
			mainGroup = 22990A03284BD40500C1104D;
			productRefGroup = 22990A0D284BD40500C1104D /* Products */;
			projectDirPath = "";
			projectRoot = "";
			targets = (
				22990A0B284BD40500C1104D /* Quake */,
				22990A21284BD40A00C1104D /* QuakeTests */,
				22990A2B284BD40A00C1104D /* QuakeUITests */,
			);
		};
/* End PBXProject section */

/* Begin PBXResourcesBuildPhase section */
		22990A0A284BD40500C1104D /* Resources */ = {
			isa = PBXResourcesBuildPhase;
			buildActionMask = 2147483647;
			files = (
				223A2F1C284FFAA900034143 /* EarthquakesStoryboard.storyboard in Resources */,
				22990A1C284BD40900C1104D /* LaunchScreen.storyboard in Resources */,
				22990A19284BD40900C1104D /* Assets.xcassets in Resources */,
				B615E8632858F16600B77A5F /* EarthquakeDetailStoryboard.storyboard in Resources */,
				22990A17284BD40500C1104D /* Main.storyboard in Resources */,
				B615E86B2858F5EF00B77A5F /* EarthquakeEventCell.xib in Resources */,
				22143456285CFEBD00F1CBA0 /* SettingsStoryboard.storyboard in Resources */,
				B615E85D2858EBE900B77A5F /* MapStoryboard.storyboard in Resources */,
			);
			runOnlyForDeploymentPostprocessing = 0;
		};
		22990A20284BD40A00C1104D /* Resources */ = {
			isa = PBXResourcesBuildPhase;
			buildActionMask = 2147483647;
			files = (
			);
			runOnlyForDeploymentPostprocessing = 0;
		};
		22990A2A284BD40A00C1104D /* Resources */ = {
			isa = PBXResourcesBuildPhase;
			buildActionMask = 2147483647;
			files = (
			);
			runOnlyForDeploymentPostprocessing = 0;
		};
/* End PBXResourcesBuildPhase section */

/* Begin PBXSourcesBuildPhase section */
		22990A08284BD40500C1104D /* Sources */ = {
			isa = PBXSourcesBuildPhase;
			buildActionMask = 2147483647;
			files = (
				228D200028985048006B6BE8 /* GetEarthquakesUseCase.swift in Sources */,
				22F68499289BECD800412B34 /* EarthquakeDetailViewModel.swift in Sources */,
				227D90842875EA0900A0DED5 /* SettingsOption.swift in Sources */,
				227D9071286B32CB00A0DED5 /* Property.swift in Sources */,
				22990A14284BD40500C1104D /* ViewController.swift in Sources */,
				B615E86A2858F5EF00B77A5F /* EarthquakeEventCell.swift in Sources */,
				228D2002289852A6006B6BE8 /* GetTimeRangeUseCase.swift in Sources */,
				B615E85A2858EBA800B77A5F /* MapViewController.swift in Sources */,
				227D9073286B32F700A0DED5 /* Geometry.swift in Sources */,
				227D90862875F98D00A0DED5 /* SettingTableViewCell.swift in Sources */,
				B615E8662858F18100B77A5F /* EarthquakeDetailViewController.swift in Sources */,
				227D909E287EE7C500A0DED5 /* LocationSearchTable.swift in Sources */,
				227D906D286B325900A0DED5 /* Response.swift in Sources */,
				22990A10284BD40500C1104D /* AppDelegate.swift in Sources */,
				22F68496289B335B00412B34 /* GetMagnitudeColorUseCase.swift in Sources */,
				227D9088287DC1B800A0DED5 /* MyDateFormatter.swift in Sources */,
				22990A12284BD40500C1104D /* SceneDelegate.swift in Sources */,
				223A2F222857EF4000034143 /* TabBarController.swift in Sources */,
				227D90812870ADE900A0DED5 /* LocationSearch.swift in Sources */,
				228D1FFE28985026006B6BE8 /* EarthquakesViewModel.swift in Sources */,
				227D909C287ED13100A0DED5 /* SettingsSection.swift in Sources */,
				223A2F1E2856512E00034143 /* EarthquakeViewController.swift in Sources */,
				2214345E285D093600F1CBA0 /* AnnotationInMap.swift in Sources */,
				227D9075286E27C600A0DED5 /* EarthquakesApiDataSource.swift in Sources */,
				227D906A286B226600A0DED5 /* EarthquakeDetail.swift in Sources */,
				227D906F286B329200A0DED5 /* Feature.swift in Sources */,
				22143458285CFED800F1CBA0 /* SettingsViewController.swift in Sources */,
			);
			runOnlyForDeploymentPostprocessing = 0;
		};
		22990A1E284BD40A00C1104D /* Sources */ = {
			isa = PBXSourcesBuildPhase;
			buildActionMask = 2147483647;
			files = (
				22990A27284BD40A00C1104D /* QuakeTests.swift in Sources */,
			);
			runOnlyForDeploymentPostprocessing = 0;
		};
		22990A28284BD40A00C1104D /* Sources */ = {
			isa = PBXSourcesBuildPhase;
			buildActionMask = 2147483647;
			files = (
				22990A33284BD40A00C1104D /* QuakeUITestsLaunchTests.swift in Sources */,
				22990A31284BD40A00C1104D /* QuakeUITests.swift in Sources */,
			);
			runOnlyForDeploymentPostprocessing = 0;
		};
/* End PBXSourcesBuildPhase section */

/* Begin PBXTargetDependency section */
		22990A24284BD40A00C1104D /* PBXTargetDependency */ = {
			isa = PBXTargetDependency;
			target = 22990A0B284BD40500C1104D /* Quake */;
			targetProxy = 22990A23284BD40A00C1104D /* PBXContainerItemProxy */;
		};
		22990A2E284BD40A00C1104D /* PBXTargetDependency */ = {
			isa = PBXTargetDependency;
			target = 22990A0B284BD40500C1104D /* Quake */;
			targetProxy = 22990A2D284BD40A00C1104D /* PBXContainerItemProxy */;
		};
/* End PBXTargetDependency section */

/* Begin PBXVariantGroup section */
		22990A15284BD40500C1104D /* Main.storyboard */ = {
			isa = PBXVariantGroup;
			children = (
				22990A16284BD40500C1104D /* Base */,
			);
			name = Main.storyboard;
			sourceTree = "<group>";
		};
		22990A1A284BD40900C1104D /* LaunchScreen.storyboard */ = {
			isa = PBXVariantGroup;
			children = (
				22990A1B284BD40900C1104D /* Base */,
			);
			name = LaunchScreen.storyboard;
			sourceTree = "<group>";
		};
/* End PBXVariantGroup section */

/* Begin XCBuildConfiguration section */
		22990A34284BD40A00C1104D /* Debug */ = {
			isa = XCBuildConfiguration;
			buildSettings = {
				ALWAYS_SEARCH_USER_PATHS = NO;
				CLANG_ANALYZER_NONNULL = YES;
				CLANG_ANALYZER_NUMBER_OBJECT_CONVERSION = YES_AGGRESSIVE;
				CLANG_CXX_LANGUAGE_STANDARD = "gnu++17";
				CLANG_ENABLE_MODULES = YES;
				CLANG_ENABLE_OBJC_ARC = YES;
				CLANG_ENABLE_OBJC_WEAK = YES;
				CLANG_WARN_BLOCK_CAPTURE_AUTORELEASING = YES;
				CLANG_WARN_BOOL_CONVERSION = YES;
				CLANG_WARN_COMMA = YES;
				CLANG_WARN_CONSTANT_CONVERSION = YES;
				CLANG_WARN_DEPRECATED_OBJC_IMPLEMENTATIONS = YES;
				CLANG_WARN_DIRECT_OBJC_ISA_USAGE = YES_ERROR;
				CLANG_WARN_DOCUMENTATION_COMMENTS = YES;
				CLANG_WARN_EMPTY_BODY = YES;
				CLANG_WARN_ENUM_CONVERSION = YES;
				CLANG_WARN_INFINITE_RECURSION = YES;
				CLANG_WARN_INT_CONVERSION = YES;
				CLANG_WARN_NON_LITERAL_NULL_CONVERSION = YES;
				CLANG_WARN_OBJC_IMPLICIT_RETAIN_SELF = YES;
				CLANG_WARN_OBJC_LITERAL_CONVERSION = YES;
				CLANG_WARN_OBJC_ROOT_CLASS = YES_ERROR;
				CLANG_WARN_QUOTED_INCLUDE_IN_FRAMEWORK_HEADER = YES;
				CLANG_WARN_RANGE_LOOP_ANALYSIS = YES;
				CLANG_WARN_STRICT_PROTOTYPES = YES;
				CLANG_WARN_SUSPICIOUS_MOVE = YES;
				CLANG_WARN_UNGUARDED_AVAILABILITY = YES_AGGRESSIVE;
				CLANG_WARN_UNREACHABLE_CODE = YES;
				CLANG_WARN__DUPLICATE_METHOD_MATCH = YES;
				COPY_PHASE_STRIP = NO;
				DEBUG_INFORMATION_FORMAT = dwarf;
				ENABLE_STRICT_OBJC_MSGSEND = YES;
				ENABLE_TESTABILITY = YES;
				GCC_C_LANGUAGE_STANDARD = gnu11;
				GCC_DYNAMIC_NO_PIC = NO;
				GCC_NO_COMMON_BLOCKS = YES;
				GCC_OPTIMIZATION_LEVEL = 0;
				GCC_PREPROCESSOR_DEFINITIONS = (
					"DEBUG=1",
					"$(inherited)",
				);
				GCC_WARN_64_TO_32_BIT_CONVERSION = YES;
				GCC_WARN_ABOUT_RETURN_TYPE = YES_ERROR;
				GCC_WARN_UNDECLARED_SELECTOR = YES;
				GCC_WARN_UNINITIALIZED_AUTOS = YES_AGGRESSIVE;
				GCC_WARN_UNUSED_FUNCTION = YES;
				GCC_WARN_UNUSED_VARIABLE = YES;
				IPHONEOS_DEPLOYMENT_TARGET = 15.5;
				MTL_ENABLE_DEBUG_INFO = INCLUDE_SOURCE;
				MTL_FAST_MATH = YES;
				ONLY_ACTIVE_ARCH = YES;
				SDKROOT = iphoneos;
				SWIFT_ACTIVE_COMPILATION_CONDITIONS = DEBUG;
				SWIFT_OPTIMIZATION_LEVEL = "-Onone";
			};
			name = Debug;
		};
		22990A35284BD40A00C1104D /* Release */ = {
			isa = XCBuildConfiguration;
			buildSettings = {
				ALWAYS_SEARCH_USER_PATHS = NO;
				CLANG_ANALYZER_NONNULL = YES;
				CLANG_ANALYZER_NUMBER_OBJECT_CONVERSION = YES_AGGRESSIVE;
				CLANG_CXX_LANGUAGE_STANDARD = "gnu++17";
				CLANG_ENABLE_MODULES = YES;
				CLANG_ENABLE_OBJC_ARC = YES;
				CLANG_ENABLE_OBJC_WEAK = YES;
				CLANG_WARN_BLOCK_CAPTURE_AUTORELEASING = YES;
				CLANG_WARN_BOOL_CONVERSION = YES;
				CLANG_WARN_COMMA = YES;
				CLANG_WARN_CONSTANT_CONVERSION = YES;
				CLANG_WARN_DEPRECATED_OBJC_IMPLEMENTATIONS = YES;
				CLANG_WARN_DIRECT_OBJC_ISA_USAGE = YES_ERROR;
				CLANG_WARN_DOCUMENTATION_COMMENTS = YES;
				CLANG_WARN_EMPTY_BODY = YES;
				CLANG_WARN_ENUM_CONVERSION = YES;
				CLANG_WARN_INFINITE_RECURSION = YES;
				CLANG_WARN_INT_CONVERSION = YES;
				CLANG_WARN_NON_LITERAL_NULL_CONVERSION = YES;
				CLANG_WARN_OBJC_IMPLICIT_RETAIN_SELF = YES;
				CLANG_WARN_OBJC_LITERAL_CONVERSION = YES;
				CLANG_WARN_OBJC_ROOT_CLASS = YES_ERROR;
				CLANG_WARN_QUOTED_INCLUDE_IN_FRAMEWORK_HEADER = YES;
				CLANG_WARN_RANGE_LOOP_ANALYSIS = YES;
				CLANG_WARN_STRICT_PROTOTYPES = YES;
				CLANG_WARN_SUSPICIOUS_MOVE = YES;
				CLANG_WARN_UNGUARDED_AVAILABILITY = YES_AGGRESSIVE;
				CLANG_WARN_UNREACHABLE_CODE = YES;
				CLANG_WARN__DUPLICATE_METHOD_MATCH = YES;
				COPY_PHASE_STRIP = NO;
				DEBUG_INFORMATION_FORMAT = "dwarf-with-dsym";
				ENABLE_NS_ASSERTIONS = NO;
				ENABLE_STRICT_OBJC_MSGSEND = YES;
				GCC_C_LANGUAGE_STANDARD = gnu11;
				GCC_NO_COMMON_BLOCKS = YES;
				GCC_WARN_64_TO_32_BIT_CONVERSION = YES;
				GCC_WARN_ABOUT_RETURN_TYPE = YES_ERROR;
				GCC_WARN_UNDECLARED_SELECTOR = YES;
				GCC_WARN_UNINITIALIZED_AUTOS = YES_AGGRESSIVE;
				GCC_WARN_UNUSED_FUNCTION = YES;
				GCC_WARN_UNUSED_VARIABLE = YES;
				IPHONEOS_DEPLOYMENT_TARGET = 15.5;
				MTL_ENABLE_DEBUG_INFO = NO;
				MTL_FAST_MATH = YES;
				SDKROOT = iphoneos;
				SWIFT_COMPILATION_MODE = wholemodule;
				SWIFT_OPTIMIZATION_LEVEL = "-O";
				VALIDATE_PRODUCT = YES;
			};
			name = Release;
		};
		22990A37284BD40A00C1104D /* Debug */ = {
			isa = XCBuildConfiguration;
			buildSettings = {
				ASSETCATALOG_COMPILER_APPICON_NAME = AppIcon;
				ASSETCATALOG_COMPILER_GLOBAL_ACCENT_COLOR_NAME = AccentColor;
				CODE_SIGN_STYLE = Automatic;
				CURRENT_PROJECT_VERSION = 1;
				GENERATE_INFOPLIST_FILE = YES;
				INFOPLIST_FILE = Quake/Info.plist;
				INFOPLIST_KEY_UIApplicationSupportsIndirectInputEvents = YES;
				INFOPLIST_KEY_UILaunchStoryboardName = LaunchScreen;
				INFOPLIST_KEY_UIMainStoryboardFile = Main;
				INFOPLIST_KEY_UISupportedInterfaceOrientations = UIInterfaceOrientationPortrait;
				INFOPLIST_KEY_UISupportedInterfaceOrientations_iPad = "UIInterfaceOrientationPortrait UIInterfaceOrientationPortraitUpsideDown UIInterfaceOrientationLandscapeLeft UIInterfaceOrientationLandscapeRight";
				INFOPLIST_KEY_UISupportedInterfaceOrientations_iPhone = "UIInterfaceOrientationPortrait UIInterfaceOrientationLandscapeLeft UIInterfaceOrientationLandscapeRight";
				LD_RUNPATH_SEARCH_PATHS = (
					"$(inherited)",
					"@executable_path/Frameworks",
				);
				MARKETING_VERSION = 1.0;
				PRODUCT_BUNDLE_IDENTIFIER = com.luridev.Quake;
				PRODUCT_NAME = "$(TARGET_NAME)";
				SWIFT_EMIT_LOC_STRINGS = YES;
				SWIFT_VERSION = 5.0;
				TARGETED_DEVICE_FAMILY = "1,2";
			};
			name = Debug;
		};
		22990A38284BD40A00C1104D /* Release */ = {
			isa = XCBuildConfiguration;
			buildSettings = {
				ASSETCATALOG_COMPILER_APPICON_NAME = AppIcon;
				ASSETCATALOG_COMPILER_GLOBAL_ACCENT_COLOR_NAME = AccentColor;
				CODE_SIGN_STYLE = Automatic;
				CURRENT_PROJECT_VERSION = 1;
				GENERATE_INFOPLIST_FILE = YES;
				INFOPLIST_FILE = Quake/Info.plist;
				INFOPLIST_KEY_UIApplicationSupportsIndirectInputEvents = YES;
				INFOPLIST_KEY_UILaunchStoryboardName = LaunchScreen;
				INFOPLIST_KEY_UIMainStoryboardFile = Main;
				INFOPLIST_KEY_UISupportedInterfaceOrientations = UIInterfaceOrientationPortrait;
				INFOPLIST_KEY_UISupportedInterfaceOrientations_iPad = "UIInterfaceOrientationPortrait UIInterfaceOrientationPortraitUpsideDown UIInterfaceOrientationLandscapeLeft UIInterfaceOrientationLandscapeRight";
				INFOPLIST_KEY_UISupportedInterfaceOrientations_iPhone = "UIInterfaceOrientationPortrait UIInterfaceOrientationLandscapeLeft UIInterfaceOrientationLandscapeRight";
				LD_RUNPATH_SEARCH_PATHS = (
					"$(inherited)",
					"@executable_path/Frameworks",
				);
				MARKETING_VERSION = 1.0;
				PRODUCT_BUNDLE_IDENTIFIER = com.luridev.Quake;
				PRODUCT_NAME = "$(TARGET_NAME)";
				SWIFT_EMIT_LOC_STRINGS = YES;
				SWIFT_VERSION = 5.0;
				TARGETED_DEVICE_FAMILY = "1,2";
			};
			name = Release;
		};
		22990A3A284BD40A00C1104D /* Debug */ = {
			isa = XCBuildConfiguration;
			buildSettings = {
				ALWAYS_EMBED_SWIFT_STANDARD_LIBRARIES = YES;
				BUNDLE_LOADER = "$(TEST_HOST)";
				CODE_SIGN_STYLE = Automatic;
				CURRENT_PROJECT_VERSION = 1;
				GENERATE_INFOPLIST_FILE = YES;
				IPHONEOS_DEPLOYMENT_TARGET = 15.5;
				MARKETING_VERSION = 1.0;
				PRODUCT_BUNDLE_IDENTIFIER = com.luridev.QuakeTests;
				PRODUCT_NAME = "$(TARGET_NAME)";
				SWIFT_EMIT_LOC_STRINGS = NO;
				SWIFT_VERSION = 5.0;
				TARGETED_DEVICE_FAMILY = "1,2";
				TEST_HOST = "$(BUILT_PRODUCTS_DIR)/Quake.app/Quake";
			};
			name = Debug;
		};
		22990A3B284BD40A00C1104D /* Release */ = {
			isa = XCBuildConfiguration;
			buildSettings = {
				ALWAYS_EMBED_SWIFT_STANDARD_LIBRARIES = YES;
				BUNDLE_LOADER = "$(TEST_HOST)";
				CODE_SIGN_STYLE = Automatic;
				CURRENT_PROJECT_VERSION = 1;
				GENERATE_INFOPLIST_FILE = YES;
				IPHONEOS_DEPLOYMENT_TARGET = 15.5;
				MARKETING_VERSION = 1.0;
				PRODUCT_BUNDLE_IDENTIFIER = com.luridev.QuakeTests;
				PRODUCT_NAME = "$(TARGET_NAME)";
				SWIFT_EMIT_LOC_STRINGS = NO;
				SWIFT_VERSION = 5.0;
				TARGETED_DEVICE_FAMILY = "1,2";
				TEST_HOST = "$(BUILT_PRODUCTS_DIR)/Quake.app/Quake";
			};
			name = Release;
		};
		22990A3D284BD40A00C1104D /* Debug */ = {
			isa = XCBuildConfiguration;
			buildSettings = {
				ALWAYS_EMBED_SWIFT_STANDARD_LIBRARIES = YES;
				CODE_SIGN_STYLE = Automatic;
				CURRENT_PROJECT_VERSION = 1;
				GENERATE_INFOPLIST_FILE = YES;
				MARKETING_VERSION = 1.0;
				PRODUCT_BUNDLE_IDENTIFIER = com.luridev.QuakeUITests;
				PRODUCT_NAME = "$(TARGET_NAME)";
				SWIFT_EMIT_LOC_STRINGS = NO;
				SWIFT_VERSION = 5.0;
				TARGETED_DEVICE_FAMILY = "1,2";
				TEST_TARGET_NAME = Quake;
			};
			name = Debug;
		};
		22990A3E284BD40A00C1104D /* Release */ = {
			isa = XCBuildConfiguration;
			buildSettings = {
				ALWAYS_EMBED_SWIFT_STANDARD_LIBRARIES = YES;
				CODE_SIGN_STYLE = Automatic;
				CURRENT_PROJECT_VERSION = 1;
				GENERATE_INFOPLIST_FILE = YES;
				MARKETING_VERSION = 1.0;
				PRODUCT_BUNDLE_IDENTIFIER = com.luridev.QuakeUITests;
				PRODUCT_NAME = "$(TARGET_NAME)";
				SWIFT_EMIT_LOC_STRINGS = NO;
				SWIFT_VERSION = 5.0;
				TARGETED_DEVICE_FAMILY = "1,2";
				TEST_TARGET_NAME = Quake;
			};
			name = Release;
		};
/* End XCBuildConfiguration section */

/* Begin XCConfigurationList section */
		22990A07284BD40500C1104D /* Build configuration list for PBXProject "Quake" */ = {
			isa = XCConfigurationList;
			buildConfigurations = (
				22990A34284BD40A00C1104D /* Debug */,
				22990A35284BD40A00C1104D /* Release */,
			);
			defaultConfigurationIsVisible = 0;
			defaultConfigurationName = Release;
		};
		22990A36284BD40A00C1104D /* Build configuration list for PBXNativeTarget "Quake" */ = {
			isa = XCConfigurationList;
			buildConfigurations = (
				22990A37284BD40A00C1104D /* Debug */,
				22990A38284BD40A00C1104D /* Release */,
			);
			defaultConfigurationIsVisible = 0;
			defaultConfigurationName = Release;
		};
		22990A39284BD40A00C1104D /* Build configuration list for PBXNativeTarget "QuakeTests" */ = {
			isa = XCConfigurationList;
			buildConfigurations = (
				22990A3A284BD40A00C1104D /* Debug */,
				22990A3B284BD40A00C1104D /* Release */,
			);
			defaultConfigurationIsVisible = 0;
			defaultConfigurationName = Release;
		};
		22990A3C284BD40A00C1104D /* Build configuration list for PBXNativeTarget "QuakeUITests" */ = {
			isa = XCConfigurationList;
			buildConfigurations = (
				22990A3D284BD40A00C1104D /* Debug */,
				22990A3E284BD40A00C1104D /* Release */,
			);
			defaultConfigurationIsVisible = 0;
			defaultConfigurationName = Release;
		};
/* End XCConfigurationList section */
	};
	rootObject = 22990A04284BD40500C1104D /* Project object */;
}
