PODS:
  - lottie-ios (3.4.1)
  - MBProgressHUD (1.2.0)

DEPENDENCIES:
  - lottie-ios
  - MBProgressHUD (~> 1.2.0)

SPEC REPOS:
  trunk:
    - lottie-ios
    - MBProgressHUD

SPEC CHECKSUMS:
  lottie-ios: 016449b5d8be0c3dcbcfa0a9988469999cd04c5d
  MBProgressHUD: 3ee5efcc380f6a79a7cc9b363dd669c5e1ae7406

PODFILE CHECKSUM: a27cab923661f9aa12c32c112ed7447eea1b6748

COCOAPODS: 1.8.0
